
Microsoft Visual Studio Solution File, Format Version 12.00
# Visual Studio 15
VisualStudioVersion = 15.0.27428.2043
MinimumVisualStudioVersion = 10.0.40219.1
Project("{FAE04EC0-301F-11D3-BF4B-00C04F79EFBC}") = "MitchellMarshClassLibrary", "MitchellMarshClassLibrary\MitchellMarshClassLibrary.csproj", "{2A3EC4D0-73BE-4865-95A0-19ADDBC54CCF}"
EndProject
Global
	GlobalSection(SolutionConfigurationPlatforms) = preSolution
		Debug|Any CPU = Debug|Any CPU
		Release|Any CPU = Release|Any CPU
	EndGlobalSection
	GlobalSection(ProjectConfigurationPlatforms) = postSolution
		{2A3EC4D0-73BE-4865-95A0-19ADDBC54CCF}.Debug|Any CPU.ActiveCfg = Debug|Any CPU
		{2A3EC4D0-73BE-4865-95A0-19ADDBC54CCF}.Debug|Any CPU.Build.0 = Debug|Any CPU
		{2A3EC4D0-73BE-4865-95A0-19ADDBC54CCF}.Release|Any CPU.ActiveCfg = Release|Any CPU
		{2A3EC4D0-73BE-4865-95A0-19ADDBC54CCF}.Release|Any CPU.Build.0 = Release|Any CPU
	EndGlobalSection
	GlobalSection(SolutionProperties) = preSolution
		HideSolutionNode = FALSE
	EndGlobalSection
	GlobalSection(ExtensibilityGlobals) = postSolution
		SolutionGuid = {67398199-D0D2-4326-AF0E-D2E8380010D8}
	EndGlobalSection
EndGlobal
